
Microsoft Visual Studio Solution File, Format Version 12.00
# Visual Studio Version 17
VisualStudioVersion = 17.8.34525.116
MinimumVisualStudioVersion = 10.0.40219.1
Project("{FAE04EC0-301F-11D3-BF4B-00C04F79EFBC}") = "MiPrimerAlgoritmo", "MiPrimerAlgoritmo.csproj", "{D98A77E5-5D23-4794-9BBF-52C370F53784}"
EndProject
Global
	GlobalSection(SolutionConfigurationPlatforms) = preSolution
		Debug|Any CPU = Debug|Any CPU
		Release|Any CPU = Release|Any CPU
	EndGlobalSection
	GlobalSection(ProjectConfigurationPlatforms) = postSolution
		{D98A77E5-5D23-4794-9BBF-52C370F53784}.Debug|Any CPU.ActiveCfg = Debug|Any CPU
		{D98A77E5-5D23-4794-9BBF-52C370F53784}.Debug|Any CPU.Build.0 = Debug|Any CPU
		{D98A77E5-5D23-4794-9BBF-52C370F53784}.Release|Any CPU.ActiveCfg = Release|Any CPU
		{D98A77E5-5D23-4794-9BBF-52C370F53784}.Release|Any CPU.Build.0 = Release|Any CPU
	EndGlobalSection
	GlobalSection(SolutionProperties) = preSolution
		HideSolutionNode = FALSE
	EndGlobalSection
	GlobalSection(ExtensibilityGlobals) = postSolution
		SolutionGuid = {6C1FF432-E941-4480-8526-CF004E85247D}
	EndGlobalSection
EndGlobal
